
Microsoft Visual Studio Solution File, Format Version 12.00
# Visual Studio 15
VisualStudioVersion = 15.0.27130.2027
MinimumVisualStudioVersion = 10.0.40219.1
Project("{FAE04EC0-301F-11D3-BF4B-00C04F79EFBC}") = "MSMQDispatcher", "MSMQDispatcher\MSMQDispatcher.csproj", "{8C145415-B69F-47D1-BB51-A7B65DB7A793}"
EndProject
Project("{FAE04EC0-301F-11D3-BF4B-00C04F79EFBC}") = "MSMQWorker", "MSMQWorker\MSMQWorker.csproj", "{9EF350F8-90E3-47C8-A63E-C91C293FF54F}"
EndProject
Global
	GlobalSection(SolutionConfigurationPlatforms) = preSolution
		Debug|Any CPU = Debug|Any CPU
		Release|Any CPU = Release|Any CPU
	EndGlobalSection
	GlobalSection(ProjectConfigurationPlatforms) = postSolution
		{8C145415-B69F-47D1-BB51-A7B65DB7A793}.Debug|Any CPU.ActiveCfg = Debug|Any CPU
		{8C145415-B69F-47D1-BB51-A7B65DB7A793}.Debug|Any CPU.Build.0 = Debug|Any CPU
		{8C145415-B69F-47D1-BB51-A7B65DB7A793}.Release|Any CPU.ActiveCfg = Release|Any CPU
		{8C145415-B69F-47D1-BB51-A7B65DB7A793}.Release|Any CPU.Build.0 = Release|Any CPU
		{9EF350F8-90E3-47C8-A63E-C91C293FF54F}.Debug|Any CPU.ActiveCfg = Debug|Any CPU
		{9EF350F8-90E3-47C8-A63E-C91C293FF54F}.Debug|Any CPU.Build.0 = Debug|Any CPU
		{9EF350F8-90E3-47C8-A63E-C91C293FF54F}.Release|Any CPU.ActiveCfg = Release|Any CPU
		{9EF350F8-90E3-47C8-A63E-C91C293FF54F}.Release|Any CPU.Build.0 = Release|Any CPU
	EndGlobalSection
	GlobalSection(SolutionProperties) = preSolution
		HideSolutionNode = FALSE
	EndGlobalSection
	GlobalSection(ExtensibilityGlobals) = postSolution
		SolutionGuid = {9A486628-0CED-4645-9FA1-468CE5EDC442}
	EndGlobalSection
EndGlobal
